{
  "version": 4,
  "terraform_version": "1.12.2",
  "serial": 39,
  "lineage": "93a7fda0-5ce5-fc25-89f1-957cd70377e7",
  "outputs": {},
  "resources": [
    {
      "module": "module.charmed_temporal",
      "mode": "managed",
      "type": "juju_application",
      "name": "grafana_agent_k8s",
      "provider": "provider[\"registry.terraform.io/juju/juju\"]",
      "instances": [
        {
          "index_key": 0,
          "schema_version": 0,
          "attributes": {
            "charm": [
              {
                "base": "ubuntu@22.04",
                "channel": "1/stable",
                "name": "grafana-agent-k8s",
                "revision": 164,
                "series": "jammy"
              }
            ],
            "config": {},
            "constraints": "arch=amd64",
            "endpoint_bindings": null,
            "expose": [],
            "id": "temporal-server:grafana-agent",
            "machines": [],
            "model": "temporal-server",
            "model_type": "caas",
            "name": "grafana-agent",
            "placement": "",
            "principal": null,
            "resources": null,
            "storage": [
              {
                "count": 1,
                "label": "data-1",
                "pool": "kubernetes",
                "size": "1G"
              }
            ],
            "storage_directives": null,
            "trust": true,
            "units": 1
          },
          "sensitive_attributes": [],
          "identity_schema_version": 0
        }
      ]
    },
    {
      "module": "module.charmed_temporal",
      "mode": "managed",
      "type": "juju_integration",
      "name": "admin_to_history",
      "provider": "provider[\"registry.terraform.io/juju/juju\"]",
      "instances": [
        {
          "schema_version": 0,
          "attributes": {
            "application": [
              {
                "endpoint": "admin",
                "name": "temporal-admin",
                "offer_url": null
              },
              {
                "endpoint": "admin",
                "name": "temporal-history",
                "offer_url": null
              }
            ],
            "id": "temporal-server:temporal-admin:admin:temporal-history:admin",
            "model": "temporal-server",
            "via": null
          },
          "sensitive_attributes": [],
          "identity_schema_version": 0
        }
      ]
    },
    {
      "module": "module.charmed_temporal",
      "mode": "managed",
      "type": "juju_integration",
      "name": "admin_to_matching",
      "provider": "provider[\"registry.terraform.io/juju/juju\"]",
      "instances": [
        {
          "schema_version": 0,
          "attributes": {
            "application": [
              {
                "endpoint": "admin",
                "name": "temporal-admin",
                "offer_url": null
              },
              {
                "endpoint": "admin",
                "name": "temporal-matching",
                "offer_url": null
              }
            ],
            "id": "temporal-server:temporal-admin:admin:temporal-matching:admin",
            "model": "temporal-server",
            "via": null
          },
          "sensitive_attributes": [],
          "identity_schema_version": 0
        }
      ]
    },
    {
      "module": "module.charmed_temporal",
      "mode": "managed",
      "type": "juju_integration",
      "name": "admin_to_worker",
      "provider": "provider[\"registry.terraform.io/juju/juju\"]",
      "instances": [
        {
          "schema_version": 0,
          "attributes": {
            "application": [
              {
                "endpoint": "admin",
                "name": "temporal-admin",
                "offer_url": null
              },
              {
                "endpoint": "admin",
                "name": "temporal-worker",
                "offer_url": null
              }
            ],
            "id": "temporal-server:temporal-admin:admin:temporal-worker:admin",
            "model": "temporal-server",
            "via": null
          },
          "sensitive_attributes": [],
          "identity_schema_version": 0
        }
      ]
    },
    {
      "module": "module.charmed_temporal",
      "mode": "managed",
      "type": "juju_integration",
      "name": "frontend_to_admin",
      "provider": "provider[\"registry.terraform.io/juju/juju\"]",
      "instances": [
        {
          "schema_version": 0,
          "attributes": {
            "application": [
              {
                "endpoint": "admin",
                "name": "temporal-admin",
                "offer_url": null
              },
              {
                "endpoint": "admin",
                "name": "temporal-frontend",
                "offer_url": null
              }
            ],
            "id": "temporal-server:temporal-admin:admin:temporal-frontend:admin",
            "model": "temporal-server",
            "via": null
          },
          "sensitive_attributes": [],
          "identity_schema_version": 0
        }
      ]
    },
    {
      "module": "module.charmed_temporal",
      "mode": "managed",
      "type": "juju_integration",
      "name": "frontend_to_postgresql",
      "provider": "provider[\"registry.terraform.io/juju/juju\"]",
      "instances": [
        {
          "schema_version": 0,
          "attributes": {
            "application": [
              {
                "endpoint": "database",
                "name": "postgres",
                "offer_url": null
              },
              {
                "endpoint": "db",
                "name": "temporal-frontend",
                "offer_url": null
              }
            ],
            "id": "temporal-server:postgres:database:temporal-frontend:db",
            "model": "temporal-server",
            "via": null
          },
          "sensitive_attributes": [],
          "identity_schema_version": 0
        }
      ]
    },
    {
      "module": "module.charmed_temporal",
      "mode": "managed",
      "type": "juju_integration",
      "name": "frontend_to_ui",
      "provider": "provider[\"registry.terraform.io/juju/juju\"]",
      "instances": [
        {
          "schema_version": 0,
          "attributes": {
            "application": [
              {
                "endpoint": "ui",
                "name": "temporal-frontend",
                "offer_url": null
              },
              {
                "endpoint": "ui",
                "name": "temporal-ui",
                "offer_url": null
              }
            ],
            "id": "temporal-server:temporal-ui:ui:temporal-frontend:ui",
            "model": "temporal-server",
            "via": null
          },
          "sensitive_attributes": [],
          "identity_schema_version": 0
        }
      ]
    },
    {
      "module": "module.charmed_temporal",
      "mode": "managed",
      "type": "juju_integration",
      "name": "frontend_visibility_to_postgresql",
      "provider": "provider[\"registry.terraform.io/juju/juju\"]",
      "instances": [
        {
          "schema_version": 0,
          "attributes": {
            "application": [
              {
                "endpoint": "database",
                "name": "postgres",
                "offer_url": null
              },
              {
                "endpoint": "visibility",
                "name": "temporal-frontend",
                "offer_url": null
              }
            ],
            "id": "temporal-server:postgres:database:temporal-frontend:visibility",
            "model": "temporal-server",
            "via": null
          },
          "sensitive_attributes": [],
          "identity_schema_version": 0
        }
      ]
    },
    {
      "module": "module.charmed_temporal",
      "mode": "managed",
      "type": "juju_integration",
      "name": "grafana_to_temporal_frontend",
      "provider": "provider[\"registry.terraform.io/juju/juju\"]",
      "instances": [
        {
          "index_key": 0,
          "schema_version": 0,
          "attributes": {
            "application": [
              {
                "endpoint": "metrics-endpoint",
                "name": "grafana-agent",
                "offer_url": null
              },
              {
                "endpoint": "metrics-endpoint",
                "name": "temporal-frontend",
                "offer_url": null
              }
            ],
            "id": "temporal-server:temporal-frontend:metrics-endpoint:grafana-agent:metrics-endpoint",
            "model": "temporal-server",
            "via": null
          },
          "sensitive_attributes": [],
          "identity_schema_version": 0,
          "dependencies": [
            "module.charmed_temporal.juju_application.grafana_agent_k8s"
          ]
        }
      ]
    },
    {
      "module": "module.charmed_temporal",
      "mode": "managed",
      "type": "juju_integration",
      "name": "grafana_to_temporal_history",
      "provider": "provider[\"registry.terraform.io/juju/juju\"]",
      "instances": [
        {
          "index_key": 0,
          "schema_version": 0,
          "attributes": {
            "application": [
              {
                "endpoint": "metrics-endpoint",
                "name": "grafana-agent",
                "offer_url": null
              },
              {
                "endpoint": "metrics-endpoint",
                "name": "temporal-history",
                "offer_url": null
              }
            ],
            "id": "temporal-server:temporal-history:metrics-endpoint:grafana-agent:metrics-endpoint",
            "model": "temporal-server",
            "via": null
          },
          "sensitive_attributes": [],
          "identity_schema_version": 0,
          "dependencies": [
            "module.charmed_temporal.juju_application.grafana_agent_k8s"
          ]
        }
      ]
    },
    {
      "module": "module.charmed_temporal",
      "mode": "managed",
      "type": "juju_integration",
      "name": "grafana_to_temporal_matching",
      "provider": "provider[\"registry.terraform.io/juju/juju\"]",
      "instances": [
        {
          "index_key": 0,
          "schema_version": 0,
          "attributes": {
            "application": [
              {
                "endpoint": "metrics-endpoint",
                "name": "grafana-agent",
                "offer_url": null
              },
              {
                "endpoint": "metrics-endpoint",
                "name": "temporal-matching",
                "offer_url": null
              }
            ],
            "id": "temporal-server:temporal-matching:metrics-endpoint:grafana-agent:metrics-endpoint",
            "model": "temporal-server",
            "via": null
          },
          "sensitive_attributes": [],
          "identity_schema_version": 0,
          "dependencies": [
            "module.charmed_temporal.juju_application.grafana_agent_k8s"
          ]
        }
      ]
    },
    {
      "module": "module.charmed_temporal",
      "mode": "managed",
      "type": "juju_integration",
      "name": "grafana_to_temporal_worker",
      "provider": "provider[\"registry.terraform.io/juju/juju\"]",
      "instances": [
        {
          "index_key": 0,
          "schema_version": 0,
          "attributes": {
            "application": [
              {
                "endpoint": "metrics-endpoint",
                "name": "grafana-agent",
                "offer_url": null
              },
              {
                "endpoint": "metrics-endpoint",
                "name": "temporal-worker",
                "offer_url": null
              }
            ],
            "id": "temporal-server:temporal-worker:metrics-endpoint:grafana-agent:metrics-endpoint",
            "model": "temporal-server",
            "via": null
          },
          "sensitive_attributes": [],
          "identity_schema_version": 0,
          "dependencies": [
            "module.charmed_temporal.juju_application.grafana_agent_k8s"
          ]
        }
      ]
    },
    {
      "module": "module.charmed_temporal",
      "mode": "managed",
      "type": "juju_integration",
      "name": "history_to_postgresql",
      "provider": "provider[\"registry.terraform.io/juju/juju\"]",
      "instances": [
        {
          "schema_version": 0,
          "attributes": {
            "application": [
              {
                "endpoint": "database",
                "name": "postgres",
                "offer_url": null
              },
              {
                "endpoint": "db",
                "name": "temporal-history",
                "offer_url": null
              }
            ],
            "id": "temporal-server:postgres:database:temporal-history:db",
            "model": "temporal-server",
            "via": null
          },
          "sensitive_attributes": [],
          "identity_schema_version": 0
        }
      ]
    },
    {
      "module": "module.charmed_temporal",
      "mode": "managed",
      "type": "juju_integration",
      "name": "history_visibility_to_postgresql",
      "provider": "provider[\"registry.terraform.io/juju/juju\"]",
      "instances": [
        {
          "schema_version": 0,
          "attributes": {
            "application": [
              {
                "endpoint": "database",
                "name": "postgres",
                "offer_url": null
              },
              {
                "endpoint": "visibility",
                "name": "temporal-history",
                "offer_url": null
              }
            ],
            "id": "temporal-server:postgres:database:temporal-history:visibility",
            "model": "temporal-server",
            "via": null
          },
          "sensitive_attributes": [],
          "identity_schema_version": 0
        }
      ]
    },
    {
      "module": "module.charmed_temporal",
      "mode": "managed",
      "type": "juju_integration",
      "name": "matching_to_postgresql",
      "provider": "provider[\"registry.terraform.io/juju/juju\"]",
      "instances": [
        {
          "schema_version": 0,
          "attributes": {
            "application": [
              {
                "endpoint": "database",
                "name": "postgres",
                "offer_url": null
              },
              {
                "endpoint": "db",
                "name": "temporal-matching",
                "offer_url": null
              }
            ],
            "id": "temporal-server:postgres:database:temporal-matching:db",
            "model": "temporal-server",
            "via": null
          },
          "sensitive_attributes": [],
          "identity_schema_version": 0
        }
      ]
    },
    {
      "module": "module.charmed_temporal",
      "mode": "managed",
      "type": "juju_integration",
      "name": "matching_visibility_to_postgresql",
      "provider": "provider[\"registry.terraform.io/juju/juju\"]",
      "instances": [
        {
          "schema_version": 0,
          "attributes": {
            "application": [
              {
                "endpoint": "database",
                "name": "postgres",
                "offer_url": null
              },
              {
                "endpoint": "visibility",
                "name": "temporal-matching",
                "offer_url": null
              }
            ],
            "id": "temporal-server:postgres:database:temporal-matching:visibility",
            "model": "temporal-server",
            "via": null
          },
          "sensitive_attributes": [],
          "identity_schema_version": 0
        }
      ]
    },
    {
      "module": "module.charmed_temporal",
      "mode": "managed",
      "type": "juju_integration",
      "name": "worker_to_postgresql",
      "provider": "provider[\"registry.terraform.io/juju/juju\"]",
      "instances": [
        {
          "schema_version": 0,
          "attributes": {
            "application": [
              {
                "endpoint": "database",
                "name": "postgres",
                "offer_url": null
              },
              {
                "endpoint": "db",
                "name": "temporal-worker",
                "offer_url": null
              }
            ],
            "id": "temporal-server:postgres:database:temporal-worker:db",
            "model": "temporal-server",
            "via": null
          },
          "sensitive_attributes": [],
          "identity_schema_version": 0
        }
      ]
    },
    {
      "module": "module.charmed_temporal",
      "mode": "managed",
      "type": "juju_integration",
      "name": "worker_visibility_to_postgresql",
      "provider": "provider[\"registry.terraform.io/juju/juju\"]",
      "instances": [
        {
          "schema_version": 0,
          "attributes": {
            "application": [
              {
                "endpoint": "database",
                "name": "postgres",
                "offer_url": null
              },
              {
                "endpoint": "visibility",
                "name": "temporal-worker",
                "offer_url": null
              }
            ],
            "id": "temporal-server:postgres:database:temporal-worker:visibility",
            "model": "temporal-server",
            "via": null
          },
          "sensitive_attributes": [],
          "identity_schema_version": 0
        }
      ]
    },
    {
      "module": "module.charmed_temporal.module.postgresql",
      "mode": "managed",
      "type": "juju_application",
      "name": "k8s_postgresql",
      "provider": "provider[\"registry.terraform.io/juju/juju\"]",
      "instances": [
        {
          "schema_version": 0,
          "attributes": {
            "charm": [
              {
                "base": "ubuntu@22.04",
                "channel": "14/stable",
                "name": "postgresql-k8s",
                "revision": 495,
                "series": "jammy"
              }
            ],
            "config": {},
            "constraints": "arch=amd64",
            "endpoint_bindings": null,
            "expose": [],
            "id": "temporal-server:postgres",
            "machines": [],
            "model": "temporal-server",
            "model_type": "caas",
            "name": "postgres",
            "placement": "",
            "principal": null,
            "resources": {},
            "storage": [
              {
                "count": 1,
                "label": "pgdata",
                "pool": "kubernetes",
                "size": "10G"
              }
            ],
            "storage_directives": {
              "pgdata": "10G"
            },
            "trust": true,
            "units": 1
          },
          "sensitive_attributes": [],
          "identity_schema_version": 0
        }
      ]
    },
    {
      "module": "module.charmed_temporal.module.temporal_admin",
      "mode": "managed",
      "type": "juju_application",
      "name": "temporal_admin_k8s",
      "provider": "provider[\"registry.terraform.io/juju/juju\"]",
      "instances": [
        {
          "schema_version": 0,
          "attributes": {
            "charm": [
              {
                "base": "ubuntu@22.04",
                "channel": "1.23/edge",
                "name": "temporal-admin-k8s",
                "revision": 23,
                "series": "jammy"
              }
            ],
            "config": {},
            "constraints": "arch=amd64",
            "endpoint_bindings": null,
            "expose": [],
            "id": "temporal-server:temporal-admin",
            "machines": [],
            "model": "temporal-server",
            "model_type": "caas",
            "name": "temporal-admin",
            "placement": "",
            "principal": null,
            "resources": null,
            "storage": null,
            "storage_directives": null,
            "trust": false,
            "units": 1
          },
          "sensitive_attributes": [],
          "identity_schema_version": 0
        }
      ]
    },
    {
      "module": "module.charmed_temporal.module.temporal_frontend",
      "mode": "managed",
      "type": "juju_application",
      "name": "temporal_k8s",
      "provider": "provider[\"registry.terraform.io/juju/juju\"]",
      "instances": [
        {
          "schema_version": 0,
          "attributes": {
            "charm": [
              {
                "base": "ubuntu@22.04",
                "channel": "1.23/edge",
                "name": "temporal-k8s",
                "revision": 59,
                "series": "jammy"
              }
            ],
            "config": {
              "num-history-shards": "1"
            },
            "constraints": "arch=amd64",
            "endpoint_bindings": null,
            "expose": [],
            "id": "temporal-server:temporal-frontend",
            "machines": [],
            "model": "temporal-server",
            "model_type": "caas",
            "name": "temporal-frontend",
            "placement": "",
            "principal": null,
            "resources": null,
            "storage": null,
            "storage_directives": null,
            "trust": false,
            "units": 1
          },
          "sensitive_attributes": [],
          "identity_schema_version": 0
        }
      ]
    },
    {
      "module": "module.charmed_temporal.module.temporal_history",
      "mode": "managed",
      "type": "juju_application",
      "name": "temporal_k8s",
      "provider": "provider[\"registry.terraform.io/juju/juju\"]",
      "instances": [
        {
          "schema_version": 0,
          "attributes": {
            "charm": [
              {
                "base": "ubuntu@22.04",
                "channel": "1.23/edge",
                "name": "temporal-k8s",
                "revision": 59,
                "series": "jammy"
              }
            ],
            "config": {
              "num-history-shards": "1"
            },
            "constraints": "arch=amd64",
            "endpoint_bindings": null,
            "expose": [],
            "id": "temporal-server:temporal-history",
            "machines": [],
            "model": "temporal-server",
            "model_type": "caas",
            "name": "temporal-history",
            "placement": "",
            "principal": null,
            "resources": null,
            "storage": null,
            "storage_directives": null,
            "trust": false,
            "units": 1
          },
          "sensitive_attributes": [],
          "identity_schema_version": 0
        }
      ]
    },
    {
      "module": "module.charmed_temporal.module.temporal_matching",
      "mode": "managed",
      "type": "juju_application",
      "name": "temporal_k8s",
      "provider": "provider[\"registry.terraform.io/juju/juju\"]",
      "instances": [
        {
          "schema_version": 0,
          "attributes": {
            "charm": [
              {
                "base": "ubuntu@22.04",
                "channel": "1.23/edge",
                "name": "temporal-k8s",
                "revision": 59,
                "series": "jammy"
              }
            ],
            "config": {
              "num-history-shards": "1"
            },
            "constraints": "arch=amd64",
            "endpoint_bindings": null,
            "expose": [],
            "id": "temporal-server:temporal-matching",
            "machines": [],
            "model": "temporal-server",
            "model_type": "caas",
            "name": "temporal-matching",
            "placement": "",
            "principal": null,
            "resources": null,
            "storage": null,
            "storage_directives": null,
            "trust": false,
            "units": 1
          },
          "sensitive_attributes": [],
          "identity_schema_version": 0
        }
      ]
    },
    {
      "module": "module.charmed_temporal.module.temporal_ui",
      "mode": "managed",
      "type": "juju_application",
      "name": "temporal_ui_k8s",
      "provider": "provider[\"registry.terraform.io/juju/juju\"]",
      "instances": [
        {
          "schema_version": 0,
          "attributes": {
            "charm": [
              {
                "base": "ubuntu@22.04",
                "channel": "1.23/edge",
                "name": "temporal-ui-k8s",
                "revision": 25,
                "series": "jammy"
              }
            ],
            "config": {},
            "constraints": "arch=amd64",
            "endpoint_bindings": null,
            "expose": [],
            "id": "temporal-server:temporal-ui",
            "machines": [],
            "model": "temporal-server",
            "model_type": "caas",
            "name": "temporal-ui",
            "placement": "",
            "principal": null,
            "resources": null,
            "storage": null,
            "storage_directives": null,
            "trust": false,
            "units": 1
          },
          "sensitive_attributes": [],
          "identity_schema_version": 0
        }
      ]
    },
    {
      "module": "module.charmed_temporal.module.temporal_worker",
      "mode": "managed",
      "type": "juju_application",
      "name": "temporal_k8s",
      "provider": "provider[\"registry.terraform.io/juju/juju\"]",
      "instances": [
        {
          "schema_version": 0,
          "attributes": {
            "charm": [
              {
                "base": "ubuntu@22.04",
                "channel": "1.23/edge",
                "name": "temporal-k8s",
                "revision": 59,
                "series": "jammy"
              }
            ],
            "config": {
              "num-history-shards": "1"
            },
            "constraints": "arch=amd64",
            "endpoint_bindings": null,
            "expose": [],
            "id": "temporal-server:temporal-worker",
            "machines": [],
            "model": "temporal-server",
            "model_type": "caas",
            "name": "temporal-worker",
            "placement": "",
            "principal": null,
            "resources": null,
            "storage": null,
            "storage_directives": null,
            "trust": false,
            "units": 1
          },
          "sensitive_attributes": [],
          "identity_schema_version": 0
        }
      ]
    },
    {
      "module": "module.cos",
      "mode": "managed",
      "type": "juju_integration",
      "name": "external_traefik_certificates",
      "provider": "provider[\"registry.terraform.io/juju/juju\"]",
      "instances": []
    },
    {
      "module": "module.cos",
      "mode": "managed",
      "type": "juju_integration",
      "name": "traefik_receive_ca_certificate",
      "provider": "provider[\"registry.terraform.io/juju/juju\"]",
      "instances": [
        {
          "index_key": 0,
          "schema_version": 0,
          "attributes": {
            "application": [
              {
                "endpoint": "receive-ca-cert",
                "name": "traefik",
                "offer_url": null
              },
              {
                "endpoint": "send-ca-cert",
                "name": "ca",
                "offer_url": null
              }
            ],
            "id": "cos:ca:send-ca-cert:traefik:receive-ca-cert",
            "model": "cos",
            "via": null
          },
          "sensitive_attributes": [],
          "identity_schema_version": 0,
          "dependencies": [
            "module.cos.module.ssc.juju_application.self-signed-certificates",
            "module.cos.module.traefik.juju_application.traefik"
          ]
        }
      ]
    },
    {
      "module": "module.cos.module.ssc[0]",
      "mode": "managed",
      "type": "juju_application",
      "name": "self-signed-certificates",
      "provider": "provider[\"registry.terraform.io/juju/juju\"]",
      "instances": [
        {
          "schema_version": 0,
          "attributes": {
            "charm": [
              {
                "base": "ubuntu@24.04",
                "channel": "1/stable",
                "name": "self-signed-certificates",
                "revision": 317,
                "series": "noble"
              }
            ],
            "config": {},
            "constraints": "arch=amd64",
            "endpoint_bindings": null,
            "expose": [],
            "id": "cos:ca",
            "machines": [],
            "model": "cos",
            "model_type": "caas",
            "name": "ca",
            "placement": "",
            "principal": null,
            "resources": null,
            "storage": null,
            "storage_directives": null,
            "trust": false,
            "units": 1
          },
          "sensitive_attributes": [],
          "identity_schema_version": 0
        }
      ]
    },
    {
      "module": "module.cos.module.ssc[0]",
      "mode": "managed",
      "type": "juju_offer",
      "name": "certificates",
      "provider": "provider[\"registry.terraform.io/juju/juju\"]",
      "instances": [
        {
          "schema_version": 1,
          "attributes": {
            "application_name": "ca",
            "endpoints": [
              "certificates"
            ],
            "id": "admin/cos.certificates",
            "model": "cos",
            "name": "certificates",
            "url": "admin/cos.certificates"
          },
          "sensitive_attributes": [],
          "identity_schema_version": 0
        }
      ]
    },
    {
      "module": "module.cos.module.ssc[0]",
      "mode": "managed",
      "type": "juju_offer",
      "name": "send_ca_cert",
      "provider": "provider[\"registry.terraform.io/juju/juju\"]",
      "instances": [
        {
          "schema_version": 1,
          "attributes": {
            "application_name": "ca",
            "endpoints": [
              "send-ca-cert"
            ],
            "id": "admin/cos.send-ca-cert",
            "model": "cos",
            "name": "send-ca-cert",
            "url": "admin/cos.send-ca-cert"
          },
          "sensitive_attributes": [],
          "identity_schema_version": 0
        }
      ]
    },
    {
      "module": "module.cos.module.traefik",
      "mode": "managed",
      "type": "juju_application",
      "name": "traefik",
      "provider": "provider[\"registry.terraform.io/juju/juju\"]",
      "instances": [
        {
          "schema_version": 0,
          "attributes": {
            "charm": [
              {
                "base": "ubuntu@20.04",
                "channel": "latest/stable",
                "name": "traefik-k8s",
                "revision": 254,
                "series": "focal"
              }
            ],
            "config": {},
            "constraints": "arch=amd64",
            "endpoint_bindings": null,
            "expose": [],
            "id": "cos:traefik",
            "machines": [],
            "model": "cos",
            "model_type": "caas",
            "name": "traefik",
            "placement": "",
            "principal": null,
            "resources": null,
            "storage": [
              {
                "count": 1,
                "label": "configurations",
                "pool": "kubernetes",
                "size": "1G"
              }
            ],
            "storage_directives": {},
            "trust": true,
            "units": 1
          },
          "sensitive_attributes": [],
          "identity_schema_version": 0
        }
      ]
    },
    {
      "module": "module.temporal_worker_go",
      "mode": "managed",
      "type": "juju_application",
      "name": "temporal_worker_k8s",
      "provider": "provider[\"registry.terraform.io/juju/juju\"]",
      "instances": [
        {
          "schema_version": 0,
          "attributes": {
            "charm": [
              {
                "base": "ubuntu@22.04",
                "channel": "1.0/edge",
                "name": "temporal-worker-k8s",
                "revision": 29,
                "series": "jammy"
              }
            ],
            "config": {
              "host": "temporal-frontend",
              "namespace": "worker-go-namespace",
              "queue": "worker-go-queue"
            },
            "constraints": "arch=amd64",
            "endpoint_bindings": null,
            "expose": [],
            "id": "temporal-worker:temporal-worker-k8s",
            "machines": [],
            "model": "temporal-worker",
            "model_type": "caas",
            "name": "temporal-worker-k8s",
            "placement": "",
            "principal": null,
            "resources": null,
            "storage": [
              {
                "count": 1,
                "label": "certs",
                "pool": "kubernetes",
                "size": "5M"
              }
            ],
            "storage_directives": null,
            "trust": false,
            "units": 1
          },
          "sensitive_attributes": [],
          "identity_schema_version": 0,
          "dependencies": [
            "module.charmed_temporal.module.postgresql.juju_application.k8s_postgresql",
            "module.charmed_temporal.module.temporal_admin.juju_application.temporal_admin_k8s",
            "module.charmed_temporal.module.temporal_frontend.juju_application.temporal_k8s",
            "module.charmed_temporal.module.temporal_history.juju_application.temporal_k8s",
            "module.charmed_temporal.module.temporal_matching.juju_application.temporal_k8s",
            "module.charmed_temporal.module.temporal_ui.juju_application.temporal_ui_k8s",
            "module.charmed_temporal.module.temporal_worker.juju_application.temporal_k8s"
          ]
        }
      ]
    },
    {
      "module": "module.temporal_worker_go",
      "mode": "managed",
      "type": "null_resource",
      "name": "attach_image",
      "provider": "provider[\"registry.terraform.io/hashicorp/null\"]",
      "instances": [
        {
          "schema_version": 0,
          "attributes": {
            "id": "2434088843996220555",
            "triggers": {
              "image": "{\"image\":\"localhost:5000/worker-go:dev\",\"registry_password\":\"\",\"registry_username\":\"\"}"
            }
          },
          "sensitive_attributes": [],
          "identity_schema_version": 0,
          "dependencies": [
            "module.charmed_temporal.module.postgresql.juju_application.k8s_postgresql",
            "module.charmed_temporal.module.temporal_admin.juju_application.temporal_admin_k8s",
            "module.charmed_temporal.module.temporal_frontend.juju_application.temporal_k8s",
            "module.charmed_temporal.module.temporal_history.juju_application.temporal_k8s",
            "module.charmed_temporal.module.temporal_matching.juju_application.temporal_k8s",
            "module.charmed_temporal.module.temporal_ui.juju_application.temporal_ui_k8s",
            "module.charmed_temporal.module.temporal_worker.juju_application.temporal_k8s",
            "module.temporal_worker_go.juju_application.temporal_worker_k8s"
          ]
        }
      ]
    }
  ],
  "check_results": [
    {
      "object_kind": "var",
      "config_addr": "module.cos.module.ssc.var.units",
      "status": "pass",
      "objects": [
        {
          "object_addr": "module.cos.module.ssc[0].var.units",
          "status": "pass"
        }
      ]
    }
  ]
}
